
Microsoft Visual Studio Solution File, Format Version 12.00
# Visual Studio Version 17
VisualStudioVersion = 17.9.34622.214
MinimumVisualStudioVersion = 10.0.40219.1
Project("{FAE04EC0-301F-11D3-BF4B-00C04F79EFBC}") = "ExerFixacao", "ExerFixacao\ExerFixacao.csproj", "{ABB9AD17-E9C6-4E35-B51E-5B2009AF8CFB}"
EndProject
Global
	GlobalSection(SolutionConfigurationPlatforms) = preSolution
		Debug|Any CPU = Debug|Any CPU
		Release|Any CPU = Release|Any CPU
	EndGlobalSection
	GlobalSection(ProjectConfigurationPlatforms) = postSolution
		{ABB9AD17-E9C6-4E35-B51E-5B2009AF8CFB}.Debug|Any CPU.ActiveCfg = Debug|Any CPU
		{ABB9AD17-E9C6-4E35-B51E-5B2009AF8CFB}.Debug|Any CPU.Build.0 = Debug|Any CPU
		{ABB9AD17-E9C6-4E35-B51E-5B2009AF8CFB}.Release|Any CPU.ActiveCfg = Release|Any CPU
		{ABB9AD17-E9C6-4E35-B51E-5B2009AF8CFB}.Release|Any CPU.Build.0 = Release|Any CPU
	EndGlobalSection
	GlobalSection(SolutionProperties) = preSolution
		HideSolutionNode = FALSE
	EndGlobalSection
	GlobalSection(ExtensibilityGlobals) = postSolution
		SolutionGuid = {B58F47CE-D9DF-4571-817C-8F5CB973151C}
	EndGlobalSection
EndGlobal
