
Microsoft Visual Studio Solution File, Format Version 12.00
# Visual Studio Version 17
VisualStudioVersion = 17.9.34622.214
MinimumVisualStudioVersion = 10.0.40219.1
Project("{FAE04EC0-301F-11D3-BF4B-00C04F79EFBC}") = "ExerFOR", "ExerFOR\ExerFOR.csproj", "{EA7F9740-4736-4E3F-B957-9D94E2074EEB}"
EndProject
Global
	GlobalSection(SolutionConfigurationPlatforms) = preSolution
		Debug|Any CPU = Debug|Any CPU
		Release|Any CPU = Release|Any CPU
	EndGlobalSection
	GlobalSection(ProjectConfigurationPlatforms) = postSolution
		{EA7F9740-4736-4E3F-B957-9D94E2074EEB}.Debug|Any CPU.ActiveCfg = Debug|Any CPU
		{EA7F9740-4736-4E3F-B957-9D94E2074EEB}.Debug|Any CPU.Build.0 = Debug|Any CPU
		{EA7F9740-4736-4E3F-B957-9D94E2074EEB}.Release|Any CPU.ActiveCfg = Release|Any CPU
		{EA7F9740-4736-4E3F-B957-9D94E2074EEB}.Release|Any CPU.Build.0 = Release|Any CPU
	EndGlobalSection
	GlobalSection(SolutionProperties) = preSolution
		HideSolutionNode = FALSE
	EndGlobalSection
	GlobalSection(ExtensibilityGlobals) = postSolution
		SolutionGuid = {C2D6A87A-4270-4B04-BEE8-C4465A43323D}
	EndGlobalSection
EndGlobal
