
Microsoft Visual Studio Solution File, Format Version 12.00
# Visual Studio Version 17
VisualStudioVersion = 17.9.34622.214
MinimumVisualStudioVersion = 10.0.40219.1
Project("{FAE04EC0-301F-11D3-BF4B-00C04F79EFBC}") = "ExerEstruturaSequencial04", "ExerEstruturaSequencial04\ExerEstruturaSequencial04.csproj", "{8BC3860E-36B8-4D09-B33C-8D0349D208D4}"
EndProject
Global
	GlobalSection(SolutionConfigurationPlatforms) = preSolution
		Debug|Any CPU = Debug|Any CPU
		Release|Any CPU = Release|Any CPU
	EndGlobalSection
	GlobalSection(ProjectConfigurationPlatforms) = postSolution
		{8BC3860E-36B8-4D09-B33C-8D0349D208D4}.Debug|Any CPU.ActiveCfg = Debug|Any CPU
		{8BC3860E-36B8-4D09-B33C-8D0349D208D4}.Debug|Any CPU.Build.0 = Debug|Any CPU
		{8BC3860E-36B8-4D09-B33C-8D0349D208D4}.Release|Any CPU.ActiveCfg = Release|Any CPU
		{8BC3860E-36B8-4D09-B33C-8D0349D208D4}.Release|Any CPU.Build.0 = Release|Any CPU
	EndGlobalSection
	GlobalSection(SolutionProperties) = preSolution
		HideSolutionNode = FALSE
	EndGlobalSection
	GlobalSection(ExtensibilityGlobals) = postSolution
		SolutionGuid = {D24B67C8-7A3A-4450-AEAB-08A0680C74F3}
	EndGlobalSection
EndGlobal
