
Microsoft Visual Studio Solution File, Format Version 12.00
# Visual Studio Version 17
VisualStudioVersion = 17.9.34622.214
MinimumVisualStudioVersion = 10.0.40219.1
Project("{FAE04EC0-301F-11D3-BF4B-00C04F79EFBC}") = "ExerEstruturaCond02", "ExerEstruturaCond02\ExerEstruturaCond02.csproj", "{6FEAB771-0503-464A-9DA0-F5E3565C40E1}"
EndProject
Global
	GlobalSection(SolutionConfigurationPlatforms) = preSolution
		Debug|Any CPU = Debug|Any CPU
		Release|Any CPU = Release|Any CPU
	EndGlobalSection
	GlobalSection(ProjectConfigurationPlatforms) = postSolution
		{6FEAB771-0503-464A-9DA0-F5E3565C40E1}.Debug|Any CPU.ActiveCfg = Debug|Any CPU
		{6FEAB771-0503-464A-9DA0-F5E3565C40E1}.Debug|Any CPU.Build.0 = Debug|Any CPU
		{6FEAB771-0503-464A-9DA0-F5E3565C40E1}.Release|Any CPU.ActiveCfg = Release|Any CPU
		{6FEAB771-0503-464A-9DA0-F5E3565C40E1}.Release|Any CPU.Build.0 = Release|Any CPU
	EndGlobalSection
	GlobalSection(SolutionProperties) = preSolution
		HideSolutionNode = FALSE
	EndGlobalSection
	GlobalSection(ExtensibilityGlobals) = postSolution
		SolutionGuid = {454FE3EB-8DF6-4D16-9635-EC70396F7342}
	EndGlobalSection
EndGlobal
